{
    "_readme": [
        "This file locks the dependencies of your project to a known state",
        "Read more about it at https://getcomposer.org/doc/01-basic-usage.md#installing-dependencies",
        "This file is @generated automatically"
    ],
    "content-hash": "7808556959ebb73052866e69f77a7027",
    "packages": [
        {
            "name": "amstaffix/pagination",
            "version": "dev-master",
            "source": {
                "type": "git",
                "url": "https://github.com/AmsTaFFix/pagination.git",
                "reference": "c9d08bf11d74167377964b9f64d5cf0cb9782c93"
            },
            "dist": {
                "type": "zip",
                "url": "https://api.github.com/repos/AmsTaFFix/pagination/zipball/c9d08bf11d74167377964b9f64d5cf0cb9782c93",
                "reference": "c9d08bf11d74167377964b9f64d5cf0cb9782c93",
                "shasum": ""
            },
            "require": {
                "php": ">=5.3"
            },
            "require-dev": {
                "phpunit/phpunit": "~4.7"
            },
            "type": "library",
            "extra": {
                "branch-alias": {
                    "dev-master": "1.1.x-dev"
                }
            },
            "autoload": {
                "psr-4": {
                    "Kilte\\Pagination\\": "source"
                }
            },
            "notification-url": "https://packagist.org/downloads/",
            "license": [
                "MIT"
            ],
            "authors": [
                {
                    "name": "Kilte Leichnam",
                    "email": "nwotnbm@gmail.com"
                },
                {
                    "name": "Nikita Sapogov",
                    "email": "amstaffix@gmail.com"
                }
            ],
            "description": "Simple pagination",
            "keywords": [
                "pagination"
            ],
            "time": "2016-01-26T16:30:23+00:00"
        },
        {
            "name": "sergeytsalkov/meekrodb",
            "version": "v2.3",
            "source": {
                "type": "git",
                "url": "https://github.com/SergeyTsalkov/meekrodb.git",
                "reference": "eb36858f1aff94ae1665900e681a1cfb78563ee1"
            },
            "dist": {
                "type": "zip",
                "url": "https://api.github.com/repos/SergeyTsalkov/meekrodb/zipball/eb36858f1aff94ae1665900e681a1cfb78563ee1",
                "reference": "eb36858f1aff94ae1665900e681a1cfb78563ee1",
                "shasum": ""
            },
            "require": {
                "php": ">=5.2.0"
            },
            "type": "library",
            "autoload": {
                "classmap": [
                    "db.class.php"
                ]
            },
            "notification-url": "https://packagist.org/downloads/",
            "license": [
                "LGPL-3.0"
            ],
            "authors": [
                {
                    "name": "Sergey Tsalkov",
                    "email": "stsalkov@gmail.com"
                }
            ],
            "description": "The Simple PHP/MySQL Library",
            "homepage": "http://www.meekro.com",
            "keywords": [
                "database",
                "mysql",
                "mysqli",
                "pdo"
            ],
            "time": "2014-06-16T22:40:22+00:00"
        }
    ],
    "packages-dev": [],
    "aliases": [],
    "minimum-stability": "dev",
    "stability-flags": [],
    "prefer-stable": false,
    "prefer-lowest": false,
    "platform": {
        "php": ">=7.1",
        "ext-openssl": "*"
    },
    "platform-dev": [],
    "plugin-api-version": "1.1.0"
}
